// !$*UTF8*$!
{
	archiveVersion = 1;
	classes = {
	};
	objectVersion = 51;
	objects = {

/* Begin PBXBuildFile section */
		06538C3F7B20186494241174 /* Pods_Webant.framework in Frameworks */ = {isa = PBXBuildFile; fileRef = 074A5CB5D4A4768E33792AD4 /* Pods_Webant.framework */; };
		B74D2BB72662B0F800805971 /* AppDelegate.swift in Sources */ = {isa = PBXBuildFile; fileRef = B74D2BB62662B0F800805971 /* AppDelegate.swift */; };
		B74D2BB92662B0F800805971 /* SceneDelegate.swift in Sources */ = {isa = PBXBuildFile; fileRef = B74D2BB82662B0F800805971 /* SceneDelegate.swift */; };
		B74D2BBB2662B0F800805971 /* TabBarController.swift in Sources */ = {isa = PBXBuildFile; fileRef = B74D2BBA2662B0F800805971 /* TabBarController.swift */; };
		B74D2BBE2662B0F800805971 /* Main.storyboard in Resources */ = {isa = PBXBuildFile; fileRef = B74D2BBC2662B0F800805971 /* Main.storyboard */; };
		B74D2BC02662B0FA00805971 /* Assets.xcassets in Resources */ = {isa = PBXBuildFile; fileRef = B74D2BBF2662B0FA00805971 /* Assets.xcassets */; };
		B74D2BC32662B0FA00805971 /* LaunchScreen.storyboard in Resources */ = {isa = PBXBuildFile; fileRef = B74D2BC12662B0FA00805971 /* LaunchScreen.storyboard */; };
		B74D2BCB2662B17B00805971 /* NewCollectionViewController.swift in Sources */ = {isa = PBXBuildFile; fileRef = B74D2BCA2662B17B00805971 /* NewCollectionViewController.swift */; };
		B74D2BCD2662B18300805971 /* PopularCollectionViewController.swift in Sources */ = {isa = PBXBuildFile; fileRef = B74D2BCC2662B18300805971 /* PopularCollectionViewController.swift */; };
		B74D2BCF2662B19500805971 /* DetailViewController.swift in Sources */ = {isa = PBXBuildFile; fileRef = B74D2BCE2662B19500805971 /* DetailViewController.swift */; };
		B74D2BD12662B6D600805971 /* ImageCollectionViewCell.swift in Sources */ = {isa = PBXBuildFile; fileRef = B74D2BD02662B6D600805971 /* ImageCollectionViewCell.swift */; };
		B74D2BD32663E7DF00805971 /* RequestModel.swift in Sources */ = {isa = PBXBuildFile; fileRef = B74D2BD22663E7DF00805971 /* RequestModel.swift */; };
		B74D2BD52663EC3F00805971 /* DataLoader.swift in Sources */ = {isa = PBXBuildFile; fileRef = B74D2BD42663EC3F00805971 /* DataLoader.swift */; };
		B7D13E3B26650C0300F71962 /* FooterView.swift in Sources */ = {isa = PBXBuildFile; fileRef = B7D13E3A26650C0300F71962 /* FooterView.swift */; };
		B7D13E43266788B900F71962 /* DetailControllerInput.swift in Sources */ = {isa = PBXBuildFile; fileRef = B7D13E42266788B900F71962 /* DetailControllerInput.swift */; };
/* End PBXBuildFile section */

/* Begin PBXFileReference section */
		074A5CB5D4A4768E33792AD4 /* Pods_Webant.framework */ = {isa = PBXFileReference; explicitFileType = wrapper.framework; includeInIndex = 0; path = Pods_Webant.framework; sourceTree = BUILT_PRODUCTS_DIR; };
		340FC41323D4FE3D2D5AB9D2 /* Pods-Webant.release.xcconfig */ = {isa = PBXFileReference; includeInIndex = 1; lastKnownFileType = text.xcconfig; name = "Pods-Webant.release.xcconfig"; path = "Target Support Files/Pods-Webant/Pods-Webant.release.xcconfig"; sourceTree = "<group>"; };
		660C3163276ECE049312E246 /* Pods-Webant.debug.xcconfig */ = {isa = PBXFileReference; includeInIndex = 1; lastKnownFileType = text.xcconfig; name = "Pods-Webant.debug.xcconfig"; path = "Target Support Files/Pods-Webant/Pods-Webant.debug.xcconfig"; sourceTree = "<group>"; };
		B74D2BB32662B0F800805971 /* Webant.app */ = {isa = PBXFileReference; explicitFileType = wrapper.application; includeInIndex = 0; path = Webant.app; sourceTree = BUILT_PRODUCTS_DIR; };
		B74D2BB62662B0F800805971 /* AppDelegate.swift */ = {isa = PBXFileReference; lastKnownFileType = sourcecode.swift; path = AppDelegate.swift; sourceTree = "<group>"; };
		B74D2BB82662B0F800805971 /* SceneDelegate.swift */ = {isa = PBXFileReference; lastKnownFileType = sourcecode.swift; path = SceneDelegate.swift; sourceTree = "<group>"; };
		B74D2BBA2662B0F800805971 /* TabBarController.swift */ = {isa = PBXFileReference; lastKnownFileType = sourcecode.swift; path = TabBarController.swift; sourceTree = "<group>"; };
		B74D2BBD2662B0F800805971 /* Base */ = {isa = PBXFileReference; lastKnownFileType = file.storyboard; name = Base; path = Base.lproj/Main.storyboard; sourceTree = "<group>"; };
		B74D2BBF2662B0FA00805971 /* Assets.xcassets */ = {isa = PBXFileReference; lastKnownFileType = folder.assetcatalog; path = Assets.xcassets; sourceTree = "<group>"; };
		B74D2BC22662B0FA00805971 /* Base */ = {isa = PBXFileReference; lastKnownFileType = file.storyboard; name = Base; path = Base.lproj/LaunchScreen.storyboard; sourceTree = "<group>"; };
		B74D2BC42662B0FA00805971 /* Info.plist */ = {isa = PBXFileReference; lastKnownFileType = text.plist.xml; path = Info.plist; sourceTree = "<group>"; };
		B74D2BCA2662B17B00805971 /* NewCollectionViewController.swift */ = {isa = PBXFileReference; lastKnownFileType = sourcecode.swift; path = NewCollectionViewController.swift; sourceTree = "<group>"; };
		B74D2BCC2662B18300805971 /* PopularCollectionViewController.swift */ = {isa = PBXFileReference; lastKnownFileType = sourcecode.swift; path = PopularCollectionViewController.swift; sourceTree = "<group>"; };
		B74D2BCE2662B19500805971 /* DetailViewController.swift */ = {isa = PBXFileReference; lastKnownFileType = sourcecode.swift; path = DetailViewController.swift; sourceTree = "<group>"; };
		B74D2BD02662B6D600805971 /* ImageCollectionViewCell.swift */ = {isa = PBXFileReference; lastKnownFileType = sourcecode.swift; path = ImageCollectionViewCell.swift; sourceTree = "<group>"; };
		B74D2BD22663E7DF00805971 /* RequestModel.swift */ = {isa = PBXFileReference; lastKnownFileType = sourcecode.swift; path = RequestModel.swift; sourceTree = "<group>"; };
		B74D2BD42663EC3F00805971 /* DataLoader.swift */ = {isa = PBXFileReference; lastKnownFileType = sourcecode.swift; path = DataLoader.swift; sourceTree = "<group>"; };
		B7D13E3A26650C0300F71962 /* FooterView.swift */ = {isa = PBXFileReference; lastKnownFileType = sourcecode.swift; path = FooterView.swift; sourceTree = "<group>"; };
		B7D13E42266788B900F71962 /* DetailControllerInput.swift */ = {isa = PBXFileReference; lastKnownFileType = sourcecode.swift; path = DetailControllerInput.swift; sourceTree = "<group>"; };
/* End PBXFileReference section */

/* Begin PBXFrameworksBuildPhase section */
		B74D2BB02662B0F800805971 /* Frameworks */ = {
			isa = PBXFrameworksBuildPhase;
			buildActionMask = 2147483647;
			files = (
				06538C3F7B20186494241174 /* Pods_Webant.framework in Frameworks */,
			);
			runOnlyForDeploymentPostprocessing = 0;
		};
/* End PBXFrameworksBuildPhase section */

/* Begin PBXGroup section */
		B0CFD084DCFD0F0A9D486688 /* Pods */ = {
			isa = PBXGroup;
			children = (
				660C3163276ECE049312E246 /* Pods-Webant.debug.xcconfig */,
				340FC41323D4FE3D2D5AB9D2 /* Pods-Webant.release.xcconfig */,
			);
			path = Pods;
			sourceTree = "<group>";
		};
		B74D2BAA2662B0F800805971 = {
			isa = PBXGroup;
			children = (
				B74D2BB52662B0F800805971 /* Webant */,
				B74D2BB42662B0F800805971 /* Products */,
				B0CFD084DCFD0F0A9D486688 /* Pods */,
				EDBFAFD7A20B6D81DC0D315E /* Frameworks */,
			);
			sourceTree = "<group>";
		};
		B74D2BB42662B0F800805971 /* Products */ = {
			isa = PBXGroup;
			children = (
				B74D2BB32662B0F800805971 /* Webant.app */,
			);
			name = Products;
			sourceTree = "<group>";
		};
		B74D2BB52662B0F800805971 /* Webant */ = {
			isa = PBXGroup;
			children = (
				B7D13E3C26662A8400F71962 /* Model */,
				B7D13E3D26662A9D00F71962 /* View */,
				B7D13E3E26662AA600F71962 /* Controller */,
				B7D13E3F26662AE000F71962 /* Network */,
				B74D2BBC2662B0F800805971 /* Main.storyboard */,
				B74D2BB62662B0F800805971 /* AppDelegate.swift */,
				B74D2BB82662B0F800805971 /* SceneDelegate.swift */,
				B74D2BBF2662B0FA00805971 /* Assets.xcassets */,
				B74D2BC12662B0FA00805971 /* LaunchScreen.storyboard */,
				B74D2BC42662B0FA00805971 /* Info.plist */,
			);
			path = Webant;
			sourceTree = "<group>";
		};
		B7D13E3C26662A8400F71962 /* Model */ = {
			isa = PBXGroup;
			children = (
				B74D2BD22663E7DF00805971 /* RequestModel.swift */,
				B7D13E42266788B900F71962 /* DetailControllerInput.swift */,
			);
			path = Model;
			sourceTree = "<group>";
		};
		B7D13E3D26662A9D00F71962 /* View */ = {
			isa = PBXGroup;
			children = (
				B74D2BD02662B6D600805971 /* ImageCollectionViewCell.swift */,
				B7D13E3A26650C0300F71962 /* FooterView.swift */,
			);
			path = View;
			sourceTree = "<group>";
		};
		B7D13E3E26662AA600F71962 /* Controller */ = {
			isa = PBXGroup;
			children = (
				B74D2BBA2662B0F800805971 /* TabBarController.swift */,
				B74D2BCA2662B17B00805971 /* NewCollectionViewController.swift */,
				B74D2BCC2662B18300805971 /* PopularCollectionViewController.swift */,
				B74D2BCE2662B19500805971 /* DetailViewController.swift */,
			);
			path = Controller;
			sourceTree = "<group>";
		};
		B7D13E3F26662AE000F71962 /* Network */ = {
			isa = PBXGroup;
			children = (
				B74D2BD42663EC3F00805971 /* DataLoader.swift */,
			);
			path = Network;
			sourceTree = "<group>";
		};
		EDBFAFD7A20B6D81DC0D315E /* Frameworks */ = {
			isa = PBXGroup;
			children = (
				074A5CB5D4A4768E33792AD4 /* Pods_Webant.framework */,
			);
			name = Frameworks;
			sourceTree = "<group>";
		};
/* End PBXGroup section */

/* Begin PBXNativeTarget section */
		B74D2BB22662B0F800805971 /* Webant */ = {
			isa = PBXNativeTarget;
			buildConfigurationList = B74D2BC72662B0FA00805971 /* Build configuration list for PBXNativeTarget "Webant" */;
			buildPhases = (
				5D7A7868EB9440AF276732EB /* [CP] Check Pods Manifest.lock */,
				B74D2BAF2662B0F800805971 /* Sources */,
				B74D2BB02662B0F800805971 /* Frameworks */,
				B74D2BB12662B0F800805971 /* Resources */,
				1DD530BA23EA278228960D54 /* [CP] Embed Pods Frameworks */,
			);
			buildRules = (
			);
			dependencies = (
			);
			name = Webant;
			productName = Webant;
			productReference = B74D2BB32662B0F800805971 /* Webant.app */;
			productType = "com.apple.product-type.application";
		};
/* End PBXNativeTarget section */

/* Begin PBXProject section */
		B74D2BAB2662B0F800805971 /* Project object */ = {
			isa = PBXProject;
			attributes = {
				LastSwiftUpdateCheck = 1250;
				LastUpgradeCheck = 1250;
				TargetAttributes = {
					B74D2BB22662B0F800805971 = {
						CreatedOnToolsVersion = 12.5;
					};
				};
			};
			buildConfigurationList = B74D2BAE2662B0F800805971 /* Build configuration list for PBXProject "Webant" */;
			compatibilityVersion = "Xcode 9.3";
			developmentRegion = en;
			hasScannedForEncodings = 0;
			knownRegions = (
				en,
				Base,
			);
			mainGroup = B74D2BAA2662B0F800805971;
			productRefGroup = B74D2BB42662B0F800805971 /* Products */;
			projectDirPath = "";
			projectRoot = "";
			targets = (
				B74D2BB22662B0F800805971 /* Webant */,
			);
		};
/* End PBXProject section */

/* Begin PBXResourcesBuildPhase section */
		B74D2BB12662B0F800805971 /* Resources */ = {
			isa = PBXResourcesBuildPhase;
			buildActionMask = 2147483647;
			files = (
				B74D2BC32662B0FA00805971 /* LaunchScreen.storyboard in Resources */,
				B74D2BC02662B0FA00805971 /* Assets.xcassets in Resources */,
				B74D2BBE2662B0F800805971 /* Main.storyboard in Resources */,
			);
			runOnlyForDeploymentPostprocessing = 0;
		};
/* End PBXResourcesBuildPhase section */

/* Begin PBXShellScriptBuildPhase section */
		1DD530BA23EA278228960D54 /* [CP] Embed Pods Frameworks */ = {
			isa = PBXShellScriptBuildPhase;
			buildActionMask = 2147483647;
			files = (
			);
			inputFileListPaths = (
				"${PODS_ROOT}/Target Support Files/Pods-Webant/Pods-Webant-frameworks-${CONFIGURATION}-input-files.xcfilelist",
			);
			name = "[CP] Embed Pods Frameworks";
			outputFileListPaths = (
				"${PODS_ROOT}/Target Support Files/Pods-Webant/Pods-Webant-frameworks-${CONFIGURATION}-output-files.xcfilelist",
			);
			runOnlyForDeploymentPostprocessing = 0;
			shellPath = /bin/sh;
			shellScript = "\"${PODS_ROOT}/Target Support Files/Pods-Webant/Pods-Webant-frameworks.sh\"\n";
			showEnvVarsInLog = 0;
		};
		5D7A7868EB9440AF276732EB /* [CP] Check Pods Manifest.lock */ = {
			isa = PBXShellScriptBuildPhase;
			buildActionMask = 2147483647;
			files = (
			);
			inputFileListPaths = (
			);
			inputPaths = (
				"${PODS_PODFILE_DIR_PATH}/Podfile.lock",
				"${PODS_ROOT}/Manifest.lock",
			);
			name = "[CP] Check Pods Manifest.lock";
			outputFileListPaths = (
			);
			outputPaths = (
				"$(DERIVED_FILE_DIR)/Pods-Webant-checkManifestLockResult.txt",
			);
			runOnlyForDeploymentPostprocessing = 0;
			shellPath = /bin/sh;
			shellScript = "diff \"${PODS_PODFILE_DIR_PATH}/Podfile.lock\" \"${PODS_ROOT}/Manifest.lock\" > /dev/null\nif [ $? != 0 ] ; then\n    # print error to STDERR\n    echo \"error: The sandbox is not in sync with the Podfile.lock. Run 'pod install' or update your CocoaPods installation.\" >&2\n    exit 1\nfi\n# This output is used by Xcode 'outputs' to avoid re-running this script phase.\necho \"SUCCESS\" > \"${SCRIPT_OUTPUT_FILE_0}\"\n";
			showEnvVarsInLog = 0;
		};
/* End PBXShellScriptBuildPhase section */

/* Begin PBXSourcesBuildPhase section */
		B74D2BAF2662B0F800805971 /* Sources */ = {
			isa = PBXSourcesBuildPhase;
			buildActionMask = 2147483647;
			files = (
				B74D2BBB2662B0F800805971 /* TabBarController.swift in Sources */,
				B74D2BCD2662B18300805971 /* PopularCollectionViewController.swift in Sources */,
				B74D2BB72662B0F800805971 /* AppDelegate.swift in Sources */,
				B74D2BCF2662B19500805971 /* DetailViewController.swift in Sources */,
				B74D2BB92662B0F800805971 /* SceneDelegate.swift in Sources */,
				B7D13E43266788B900F71962 /* DetailControllerInput.swift in Sources */,
				B7D13E3B26650C0300F71962 /* FooterView.swift in Sources */,
				B74D2BD32663E7DF00805971 /* RequestModel.swift in Sources */,
				B74D2BD12662B6D600805971 /* ImageCollectionViewCell.swift in Sources */,
				B74D2BCB2662B17B00805971 /* NewCollectionViewController.swift in Sources */,
				B74D2BD52663EC3F00805971 /* DataLoader.swift in Sources */,
			);
			runOnlyForDeploymentPostprocessing = 0;
		};
/* End PBXSourcesBuildPhase section */

/* Begin PBXVariantGroup section */
		B74D2BBC2662B0F800805971 /* Main.storyboard */ = {
			isa = PBXVariantGroup;
			children = (
				B74D2BBD2662B0F800805971 /* Base */,
			);
			name = Main.storyboard;
			sourceTree = "<group>";
		};
		B74D2BC12662B0FA00805971 /* LaunchScreen.storyboard */ = {
			isa = PBXVariantGroup;
			children = (
				B74D2BC22662B0FA00805971 /* Base */,
			);
			name = LaunchScreen.storyboard;
			sourceTree = "<group>";
		};
/* End PBXVariantGroup section */

/* Begin XCBuildConfiguration section */
		B74D2BC52662B0FA00805971 /* Debug */ = {
			isa = XCBuildConfiguration;
			buildSettings = {
				ALWAYS_SEARCH_USER_PATHS = NO;
				CLANG_ANALYZER_NONNULL = YES;
				CLANG_ANALYZER_NUMBER_OBJECT_CONVERSION = YES_AGGRESSIVE;
				CLANG_CXX_LANGUAGE_STANDARD = "gnu++14";
				CLANG_CXX_LIBRARY = "libc++";
				CLANG_ENABLE_MODULES = YES;
				CLANG_ENABLE_OBJC_ARC = YES;
				CLANG_ENABLE_OBJC_WEAK = YES;
				CLANG_WARN_BLOCK_CAPTURE_AUTORELEASING = YES;
				CLANG_WARN_BOOL_CONVERSION = YES;
				CLANG_WARN_COMMA = YES;
				CLANG_WARN_CONSTANT_CONVERSION = YES;
				CLANG_WARN_DEPRECATED_OBJC_IMPLEMENTATIONS = YES;
				CLANG_WARN_DIRECT_OBJC_ISA_USAGE = YES_ERROR;
				CLANG_WARN_DOCUMENTATION_COMMENTS = YES;
				CLANG_WARN_EMPTY_BODY = YES;
				CLANG_WARN_ENUM_CONVERSION = YES;
				CLANG_WARN_INFINITE_RECURSION = YES;
				CLANG_WARN_INT_CONVERSION = YES;
				CLANG_WARN_NON_LITERAL_NULL_CONVERSION = YES;
				CLANG_WARN_OBJC_IMPLICIT_RETAIN_SELF = YES;
				CLANG_WARN_OBJC_LITERAL_CONVERSION = YES;
				CLANG_WARN_OBJC_ROOT_CLASS = YES_ERROR;
				CLANG_WARN_QUOTED_INCLUDE_IN_FRAMEWORK_HEADER = YES;
				CLANG_WARN_RANGE_LOOP_ANALYSIS = YES;
				CLANG_WARN_STRICT_PROTOTYPES = YES;
				CLANG_WARN_SUSPICIOUS_MOVE = YES;
				CLANG_WARN_UNGUARDED_AVAILABILITY = YES_AGGRESSIVE;
				CLANG_WARN_UNREACHABLE_CODE = YES;
				CLANG_WARN__DUPLICATE_METHOD_MATCH = YES;
				COPY_PHASE_STRIP = NO;
				DEBUG_INFORMATION_FORMAT = dwarf;
				ENABLE_STRICT_OBJC_MSGSEND = YES;
				ENABLE_TESTABILITY = YES;
				GCC_C_LANGUAGE_STANDARD = gnu11;
				GCC_DYNAMIC_NO_PIC = NO;
				GCC_NO_COMMON_BLOCKS = YES;
				GCC_OPTIMIZATION_LEVEL = 0;
				GCC_PREPROCESSOR_DEFINITIONS = (
					"DEBUG=1",
					"$(inherited)",
				);
				GCC_WARN_64_TO_32_BIT_CONVERSION = YES;
				GCC_WARN_ABOUT_RETURN_TYPE = YES_ERROR;
				GCC_WARN_UNDECLARED_SELECTOR = YES;
				GCC_WARN_UNINITIALIZED_AUTOS = YES_AGGRESSIVE;
				GCC_WARN_UNUSED_FUNCTION = YES;
				GCC_WARN_UNUSED_VARIABLE = YES;
				IPHONEOS_DEPLOYMENT_TARGET = 12.1;
				MTL_ENABLE_DEBUG_INFO = INCLUDE_SOURCE;
				MTL_FAST_MATH = YES;
				ONLY_ACTIVE_ARCH = YES;
				SDKROOT = iphoneos;
				SWIFT_ACTIVE_COMPILATION_CONDITIONS = DEBUG;
				SWIFT_OPTIMIZATION_LEVEL = "-Onone";
			};
			name = Debug;
		};
		B74D2BC62662B0FA00805971 /* Release */ = {
			isa = XCBuildConfiguration;
			buildSettings = {
				ALWAYS_SEARCH_USER_PATHS = NO;
				CLANG_ANALYZER_NONNULL = YES;
				CLANG_ANALYZER_NUMBER_OBJECT_CONVERSION = YES_AGGRESSIVE;
				CLANG_CXX_LANGUAGE_STANDARD = "gnu++14";
				CLANG_CXX_LIBRARY = "libc++";
				CLANG_ENABLE_MODULES = YES;
				CLANG_ENABLE_OBJC_ARC = YES;
				CLANG_ENABLE_OBJC_WEAK = YES;
				CLANG_WARN_BLOCK_CAPTURE_AUTORELEASING = YES;
				CLANG_WARN_BOOL_CONVERSION = YES;
				CLANG_WARN_COMMA = YES;
				CLANG_WARN_CONSTANT_CONVERSION = YES;
				CLANG_WARN_DEPRECATED_OBJC_IMPLEMENTATIONS = YES;
				CLANG_WARN_DIRECT_OBJC_ISA_USAGE = YES_ERROR;
				CLANG_WARN_DOCUMENTATION_COMMENTS = YES;
				CLANG_WARN_EMPTY_BODY = YES;
				CLANG_WARN_ENUM_CONVERSION = YES;
				CLANG_WARN_INFINITE_RECURSION = YES;
				CLANG_WARN_INT_CONVERSION = YES;
				CLANG_WARN_NON_LITERAL_NULL_CONVERSION = YES;
				CLANG_WARN_OBJC_IMPLICIT_RETAIN_SELF = YES;
				CLANG_WARN_OBJC_LITERAL_CONVERSION = YES;
				CLANG_WARN_OBJC_ROOT_CLASS = YES_ERROR;
				CLANG_WARN_QUOTED_INCLUDE_IN_FRAMEWORK_HEADER = YES;
				CLANG_WARN_RANGE_LOOP_ANALYSIS = YES;
				CLANG_WARN_STRICT_PROTOTYPES = YES;
				CLANG_WARN_SUSPICIOUS_MOVE = YES;
				CLANG_WARN_UNGUARDED_AVAILABILITY = YES_AGGRESSIVE;
				CLANG_WARN_UNREACHABLE_CODE = YES;
				CLANG_WARN__DUPLICATE_METHOD_MATCH = YES;
				COPY_PHASE_STRIP = NO;
				DEBUG_INFORMATION_FORMAT = "dwarf-with-dsym";
				ENABLE_NS_ASSERTIONS = NO;
				ENABLE_STRICT_OBJC_MSGSEND = YES;
				GCC_C_LANGUAGE_STANDARD = gnu11;
				GCC_NO_COMMON_BLOCKS = YES;
				GCC_WARN_64_TO_32_BIT_CONVERSION = YES;
				GCC_WARN_ABOUT_RETURN_TYPE = YES_ERROR;
				GCC_WARN_UNDECLARED_SELECTOR = YES;
				GCC_WARN_UNINITIALIZED_AUTOS = YES_AGGRESSIVE;
				GCC_WARN_UNUSED_FUNCTION = YES;
				GCC_WARN_UNUSED_VARIABLE = YES;
				IPHONEOS_DEPLOYMENT_TARGET = 12.1;
				MTL_ENABLE_DEBUG_INFO = NO;
				MTL_FAST_MATH = YES;
				SDKROOT = iphoneos;
				SWIFT_COMPILATION_MODE = wholemodule;
				SWIFT_OPTIMIZATION_LEVEL = "-O";
				VALIDATE_PRODUCT = YES;
			};
			name = Release;
		};
		B74D2BC82662B0FA00805971 /* Debug */ = {
			isa = XCBuildConfiguration;
			baseConfigurationReference = 660C3163276ECE049312E246 /* Pods-Webant.debug.xcconfig */;
			buildSettings = {
				ASSETCATALOG_COMPILER_APPICON_NAME = AppIcon;
				ASSETCATALOG_COMPILER_GLOBAL_ACCENT_COLOR_NAME = AccentColor;
				CODE_SIGN_STYLE = Automatic;
				DEVELOPMENT_TEAM = N847HZJL2F;
				INFOPLIST_FILE = Webant/Info.plist;
				LD_RUNPATH_SEARCH_PATHS = (
					"$(inherited)",
					"@executable_path/Frameworks",
				);
				PRODUCT_BUNDLE_IDENTIFIER = bagrat.Webant;
				PRODUCT_NAME = "$(TARGET_NAME)";
				SWIFT_VERSION = 5.0;
				TARGETED_DEVICE_FAMILY = "1,2";
			};
			name = Debug;
		};
		B74D2BC92662B0FA00805971 /* Release */ = {
			isa = XCBuildConfiguration;
			baseConfigurationReference = 340FC41323D4FE3D2D5AB9D2 /* Pods-Webant.release.xcconfig */;
			buildSettings = {
				ASSETCATALOG_COMPILER_APPICON_NAME = AppIcon;
				ASSETCATALOG_COMPILER_GLOBAL_ACCENT_COLOR_NAME = AccentColor;
				CODE_SIGN_STYLE = Automatic;
				DEVELOPMENT_TEAM = N847HZJL2F;
				INFOPLIST_FILE = Webant/Info.plist;
				LD_RUNPATH_SEARCH_PATHS = (
					"$(inherited)",
					"@executable_path/Frameworks",
				);
				PRODUCT_BUNDLE_IDENTIFIER = bagrat.Webant;
				PRODUCT_NAME = "$(TARGET_NAME)";
				SWIFT_VERSION = 5.0;
				TARGETED_DEVICE_FAMILY = "1,2";
			};
			name = Release;
		};
/* End XCBuildConfiguration section */

/* Begin XCConfigurationList section */
		B74D2BAE2662B0F800805971 /* Build configuration list for PBXProject "Webant" */ = {
			isa = XCConfigurationList;
			buildConfigurations = (
				B74D2BC52662B0FA00805971 /* Debug */,
				B74D2BC62662B0FA00805971 /* Release */,
			);
			defaultConfigurationIsVisible = 0;
			defaultConfigurationName = Release;
		};
		B74D2BC72662B0FA00805971 /* Build configuration list for PBXNativeTarget "Webant" */ = {
			isa = XCConfigurationList;
			buildConfigurations = (
				B74D2BC82662B0FA00805971 /* Debug */,
				B74D2BC92662B0FA00805971 /* Release */,
			);
			defaultConfigurationIsVisible = 0;
			defaultConfigurationName = Release;
		};
/* End XCConfigurationList section */
	};
	rootObject = B74D2BAB2662B0F800805971 /* Project object */;
}
